
Microsoft Visual Studio Solution File, Format Version 12.00
# Visual Studio Version 17
VisualStudioVersion = 17.1.32210.238
MinimumVisualStudioVersion = 10.0.40219.1
Project("{FAE04EC0-301F-11D3-BF4B-00C04F79EFBC}") = "Stack_A", "Stack_A\Stack_A.csproj", "{6F336760-52F0-4670-8999-D82AC50FDA29}"
EndProject
Global
	GlobalSection(SolutionConfigurationPlatforms) = preSolution
		Debug|Any CPU = Debug|Any CPU
		Release|Any CPU = Release|Any CPU
	EndGlobalSection
	GlobalSection(ProjectConfigurationPlatforms) = postSolution
		{6F336760-52F0-4670-8999-D82AC50FDA29}.Debug|Any CPU.ActiveCfg = Debug|Any CPU
		{6F336760-52F0-4670-8999-D82AC50FDA29}.Debug|Any CPU.Build.0 = Debug|Any CPU
		{6F336760-52F0-4670-8999-D82AC50FDA29}.Release|Any CPU.ActiveCfg = Release|Any CPU
		{6F336760-52F0-4670-8999-D82AC50FDA29}.Release|Any CPU.Build.0 = Release|Any CPU
	EndGlobalSection
	GlobalSection(SolutionProperties) = preSolution
		HideSolutionNode = FALSE
	EndGlobalSection
	GlobalSection(ExtensibilityGlobals) = postSolution
		SolutionGuid = {511DDD69-1C8D-4ACA-8D47-A633F749842F}
	EndGlobalSection
EndGlobal
